
Microsoft Visual Studio Solution File, Format Version 12.00
# Visual Studio 15
VisualStudioVersion = 15.0.26730.16
MinimumVisualStudioVersion = 10.0.40219.1
Project("{FAE04EC0-301F-11D3-BF4B-00C04F79EFBC}") = "JQDT", "JQDT\JQDT.csproj", "{C82E4675-88AB-4B78-8475-F1521BDAE330}"
EndProject
Project("{FAE04EC0-301F-11D3-BF4B-00C04F79EFBC}") = "Examples", "Examples\Examples.csproj", "{8FBC1687-6A3B-45B3-966C-395CC206015D}"
EndProject
Global
	GlobalSection(SolutionConfigurationPlatforms) = preSolution
		Debug|Any CPU = Debug|Any CPU
		Release|Any CPU = Release|Any CPU
	EndGlobalSection
	GlobalSection(ProjectConfigurationPlatforms) = postSolution
		{C82E4675-88AB-4B78-8475-F1521BDAE330}.Debug|Any CPU.ActiveCfg = Debug|Any CPU
		{C82E4675-88AB-4B78-8475-F1521BDAE330}.Debug|Any CPU.Build.0 = Debug|Any CPU
		{C82E4675-88AB-4B78-8475-F1521BDAE330}.Release|Any CPU.ActiveCfg = Release|Any CPU
		{C82E4675-88AB-4B78-8475-F1521BDAE330}.Release|Any CPU.Build.0 = Release|Any CPU
		{8FBC1687-6A3B-45B3-966C-395CC206015D}.Debug|Any CPU.ActiveCfg = Debug|Any CPU
		{8FBC1687-6A3B-45B3-966C-395CC206015D}.Debug|Any CPU.Build.0 = Debug|Any CPU
		{8FBC1687-6A3B-45B3-966C-395CC206015D}.Release|Any CPU.ActiveCfg = Release|Any CPU
		{8FBC1687-6A3B-45B3-966C-395CC206015D}.Release|Any CPU.Build.0 = Release|Any CPU
	EndGlobalSection
	GlobalSection(SolutionProperties) = preSolution
		HideSolutionNode = FALSE
	EndGlobalSection
	GlobalSection(ExtensibilityGlobals) = postSolution
		SolutionGuid = {131DA7AE-7C14-4656-82C0-6F592D155809}
	EndGlobalSection
EndGlobal
