
Microsoft Visual Studio Solution File, Format Version 12.00
# Visual Studio 15
VisualStudioVersion = 15.0.26730.16
MinimumVisualStudioVersion = 10.0.40219.1
Project("{FAE04EC0-301F-11D3-BF4B-00C04F79EFBC}") = "JQDT", "JQDT\JQDT.csproj", "{C82E4675-88AB-4B78-8475-F1521BDAE330}"
EndProject
Project("{2150E333-8FDC-42A3-9474-1A3956D46DE8}") = "Tests", "Tests", "{EDCECD8E-0A03-4B35-878C-567E148A83BD}"
EndProject
Project("{FAE04EC0-301F-11D3-BF4B-00C04F79EFBC}") = "TestData.Data", "Tests\TestData.Data\TestData.Data.csproj", "{F7F12DE8-F3C3-42A4-BBE4-1868D287D388}"
EndProject
Project("{2150E333-8FDC-42A3-9474-1A3956D46DE8}") = "IntegrationTests", "IntegrationTests", "{2891DE1E-12C1-45B7-9C6A-B4356104F6DA}"
EndProject
Project("{FAE04EC0-301F-11D3-BF4B-00C04F79EFBC}") = "Tests.Integration.Mvc", "tests\integrationtests\Tests.Integration.Mvc\Tests.Integration.Mvc.csproj", "{D6951034-15BA-4526-AE6F-90F7F9A386B9}"
EndProject
Project("{FAE04EC0-301F-11D3-BF4B-00C04F79EFBC}") = "Tests.SeleniumTests", "tests\IntegrationTests\Tests.SeleniumTests\Tests.SeleniumTests.csproj", "{D43B1961-1C1A-4F9C-B25C-278C6547743A}"
EndProject
Project("{2150E333-8FDC-42A3-9474-1A3956D46DE8}") = "UnitTests", "UnitTests", "{B9F020C7-E6AF-4839-A5F6-2FA6EFBB9D95}"
EndProject
Project("{2150E333-8FDC-42A3-9474-1A3956D46DE8}") = "Examples", "Examples", "{AD505AC4-1EFE-4ABF-ACAC-1A8F40606F60}"
EndProject
Project("{FAE04EC0-301F-11D3-BF4B-00C04F79EFBC}") = "Examples.Data", "Examples\Examples.Data\Examples.Data.csproj", "{082A75A9-D2AE-4BA6-84EF-606852B1B88A}"
EndProject
Project("{FAE04EC0-301F-11D3-BF4B-00C04F79EFBC}") = "Examples.Mvc", "Examples\Examples.Mvc\Examples.Mvc.csproj", "{E1320C08-8FC3-449D-8978-1D14D205DE03}"
EndProject
Project("{FAE04EC0-301F-11D3-BF4B-00C04F79EFBC}") = "Tests.UnitTests", "Tests\UnitTests\Tests.UnitTests\Tests.UnitTests.csproj", "{647240F0-6F49-426C-A49F-BE7BA6DDBD81}"
EndProject
Project("{FAE04EC0-301F-11D3-BF4B-00C04F79EFBC}") = "JQDT.MVC", "JQDT.MVC\JQDT.MVC.csproj", "{D845AB6D-1887-4597-9256-148AD0A11459}"
EndProject
Project("{FAE04EC0-301F-11D3-BF4B-00C04F79EFBC}") = "JQDT.WebAPI", "JQDT.WebAPI\JQDT.WebAPI.csproj", "{A57F2EDC-8DC9-4A9A-BD3D-5CA31EE56910}"
EndProject
Project("{2150E333-8FDC-42A3-9474-1A3956D46DE8}") = "Solution Items", "Solution Items", "{B152E882-2DA2-4476-9C92-3D7392A18B2B}"
	ProjectSection(SolutionItems) = preProject
		Settings.StyleCop = Settings.StyleCop
	EndProjectSection
EndProject
Project("{2150E333-8FDC-42A3-9474-1A3956D46DE8}") = "Notes", "Notes", "{E67DAB1D-82C4-415C-AB45-812BFF3091A7}"
	ProjectSection(SolutionItems) = preProject
		TypesSwitches.txt = TypesSwitches.txt
	EndProjectSection
EndProject
Project("{2150E333-8FDC-42A3-9474-1A3956D46DE8}") = "db", "db", "{E0C08F20-EB2E-4FC5-8260-5BA8D0CAD7E7}"
	ProjectSection(SolutionItems) = preProject
		ExamplesDatabase.txt = ExamplesDatabase.txt
	EndProjectSection
EndProject
Project("{FAE04EC0-301F-11D3-BF4B-00C04F79EFBC}") = "Tests.Helpers", "Tests\Tests.Helpers\Tests.Helpers.csproj", "{51C58242-648E-4B17-A249-F2C844743A1B}"
EndProject
Global
	GlobalSection(SolutionConfigurationPlatforms) = preSolution
		Debug|Any CPU = Debug|Any CPU
		Release|Any CPU = Release|Any CPU
		TEST_SQL|Any CPU = TEST_SQL|Any CPU
	EndGlobalSection
	GlobalSection(ProjectConfigurationPlatforms) = postSolution
		{C82E4675-88AB-4B78-8475-F1521BDAE330}.Debug|Any CPU.ActiveCfg = Debug|Any CPU
		{C82E4675-88AB-4B78-8475-F1521BDAE330}.Debug|Any CPU.Build.0 = Debug|Any CPU
		{C82E4675-88AB-4B78-8475-F1521BDAE330}.Release|Any CPU.ActiveCfg = Release|Any CPU
		{C82E4675-88AB-4B78-8475-F1521BDAE330}.Release|Any CPU.Build.0 = Release|Any CPU
		{C82E4675-88AB-4B78-8475-F1521BDAE330}.TEST_SQL|Any CPU.ActiveCfg = TEST_SQL|Any CPU
		{C82E4675-88AB-4B78-8475-F1521BDAE330}.TEST_SQL|Any CPU.Build.0 = TEST_SQL|Any CPU
		{F7F12DE8-F3C3-42A4-BBE4-1868D287D388}.Debug|Any CPU.ActiveCfg = Debug|Any CPU
		{F7F12DE8-F3C3-42A4-BBE4-1868D287D388}.Debug|Any CPU.Build.0 = Debug|Any CPU
		{F7F12DE8-F3C3-42A4-BBE4-1868D287D388}.Release|Any CPU.ActiveCfg = Release|Any CPU
		{F7F12DE8-F3C3-42A4-BBE4-1868D287D388}.Release|Any CPU.Build.0 = Release|Any CPU
		{F7F12DE8-F3C3-42A4-BBE4-1868D287D388}.TEST_SQL|Any CPU.ActiveCfg = TEST_SQL|Any CPU
		{F7F12DE8-F3C3-42A4-BBE4-1868D287D388}.TEST_SQL|Any CPU.Build.0 = TEST_SQL|Any CPU
		{D6951034-15BA-4526-AE6F-90F7F9A386B9}.Debug|Any CPU.ActiveCfg = Debug|Any CPU
		{D6951034-15BA-4526-AE6F-90F7F9A386B9}.Debug|Any CPU.Build.0 = Debug|Any CPU
		{D6951034-15BA-4526-AE6F-90F7F9A386B9}.Release|Any CPU.ActiveCfg = Release|Any CPU
		{D6951034-15BA-4526-AE6F-90F7F9A386B9}.Release|Any CPU.Build.0 = Release|Any CPU
		{D6951034-15BA-4526-AE6F-90F7F9A386B9}.TEST_SQL|Any CPU.ActiveCfg = TEST_SQL|Any CPU
		{D6951034-15BA-4526-AE6F-90F7F9A386B9}.TEST_SQL|Any CPU.Build.0 = TEST_SQL|Any CPU
		{D43B1961-1C1A-4F9C-B25C-278C6547743A}.Debug|Any CPU.ActiveCfg = Debug|Any CPU
		{D43B1961-1C1A-4F9C-B25C-278C6547743A}.Debug|Any CPU.Build.0 = Debug|Any CPU
		{D43B1961-1C1A-4F9C-B25C-278C6547743A}.Release|Any CPU.ActiveCfg = Release|Any CPU
		{D43B1961-1C1A-4F9C-B25C-278C6547743A}.Release|Any CPU.Build.0 = Release|Any CPU
		{D43B1961-1C1A-4F9C-B25C-278C6547743A}.TEST_SQL|Any CPU.ActiveCfg = TEST_SQL|Any CPU
		{D43B1961-1C1A-4F9C-B25C-278C6547743A}.TEST_SQL|Any CPU.Build.0 = TEST_SQL|Any CPU
		{082A75A9-D2AE-4BA6-84EF-606852B1B88A}.Debug|Any CPU.ActiveCfg = Debug|Any CPU
		{082A75A9-D2AE-4BA6-84EF-606852B1B88A}.Debug|Any CPU.Build.0 = Debug|Any CPU
		{082A75A9-D2AE-4BA6-84EF-606852B1B88A}.Release|Any CPU.ActiveCfg = Release|Any CPU
		{082A75A9-D2AE-4BA6-84EF-606852B1B88A}.Release|Any CPU.Build.0 = Release|Any CPU
		{082A75A9-D2AE-4BA6-84EF-606852B1B88A}.TEST_SQL|Any CPU.ActiveCfg = TEST_SQL|Any CPU
		{082A75A9-D2AE-4BA6-84EF-606852B1B88A}.TEST_SQL|Any CPU.Build.0 = TEST_SQL|Any CPU
		{E1320C08-8FC3-449D-8978-1D14D205DE03}.Debug|Any CPU.ActiveCfg = Debug|Any CPU
		{E1320C08-8FC3-449D-8978-1D14D205DE03}.Debug|Any CPU.Build.0 = Debug|Any CPU
		{E1320C08-8FC3-449D-8978-1D14D205DE03}.Release|Any CPU.ActiveCfg = Release|Any CPU
		{E1320C08-8FC3-449D-8978-1D14D205DE03}.Release|Any CPU.Build.0 = Release|Any CPU
		{E1320C08-8FC3-449D-8978-1D14D205DE03}.TEST_SQL|Any CPU.ActiveCfg = TEST_SQL|Any CPU
		{E1320C08-8FC3-449D-8978-1D14D205DE03}.TEST_SQL|Any CPU.Build.0 = TEST_SQL|Any CPU
		{647240F0-6F49-426C-A49F-BE7BA6DDBD81}.Debug|Any CPU.ActiveCfg = Debug|Any CPU
		{647240F0-6F49-426C-A49F-BE7BA6DDBD81}.Debug|Any CPU.Build.0 = Debug|Any CPU
		{647240F0-6F49-426C-A49F-BE7BA6DDBD81}.Release|Any CPU.ActiveCfg = Release|Any CPU
		{647240F0-6F49-426C-A49F-BE7BA6DDBD81}.Release|Any CPU.Build.0 = Release|Any CPU
		{647240F0-6F49-426C-A49F-BE7BA6DDBD81}.TEST_SQL|Any CPU.ActiveCfg = TEST_SQL|Any CPU
		{647240F0-6F49-426C-A49F-BE7BA6DDBD81}.TEST_SQL|Any CPU.Build.0 = TEST_SQL|Any CPU
		{D845AB6D-1887-4597-9256-148AD0A11459}.Debug|Any CPU.ActiveCfg = Debug|Any CPU
		{D845AB6D-1887-4597-9256-148AD0A11459}.Debug|Any CPU.Build.0 = Debug|Any CPU
		{D845AB6D-1887-4597-9256-148AD0A11459}.Release|Any CPU.ActiveCfg = Release|Any CPU
		{D845AB6D-1887-4597-9256-148AD0A11459}.Release|Any CPU.Build.0 = Release|Any CPU
		{D845AB6D-1887-4597-9256-148AD0A11459}.TEST_SQL|Any CPU.ActiveCfg = TEST_SQL|Any CPU
		{D845AB6D-1887-4597-9256-148AD0A11459}.TEST_SQL|Any CPU.Build.0 = TEST_SQL|Any CPU
		{A57F2EDC-8DC9-4A9A-BD3D-5CA31EE56910}.Debug|Any CPU.ActiveCfg = Debug|Any CPU
		{A57F2EDC-8DC9-4A9A-BD3D-5CA31EE56910}.Debug|Any CPU.Build.0 = Debug|Any CPU
		{A57F2EDC-8DC9-4A9A-BD3D-5CA31EE56910}.Release|Any CPU.ActiveCfg = Release|Any CPU
		{A57F2EDC-8DC9-4A9A-BD3D-5CA31EE56910}.Release|Any CPU.Build.0 = Release|Any CPU
		{A57F2EDC-8DC9-4A9A-BD3D-5CA31EE56910}.TEST_SQL|Any CPU.ActiveCfg = TEST_SQL|Any CPU
		{A57F2EDC-8DC9-4A9A-BD3D-5CA31EE56910}.TEST_SQL|Any CPU.Build.0 = TEST_SQL|Any CPU
		{51C58242-648E-4B17-A249-F2C844743A1B}.Debug|Any CPU.ActiveCfg = Debug|Any CPU
		{51C58242-648E-4B17-A249-F2C844743A1B}.Debug|Any CPU.Build.0 = Debug|Any CPU
		{51C58242-648E-4B17-A249-F2C844743A1B}.Release|Any CPU.ActiveCfg = Release|Any CPU
		{51C58242-648E-4B17-A249-F2C844743A1B}.Release|Any CPU.Build.0 = Release|Any CPU
		{51C58242-648E-4B17-A249-F2C844743A1B}.TEST_SQL|Any CPU.ActiveCfg = TEST_SQL|Any CPU
		{51C58242-648E-4B17-A249-F2C844743A1B}.TEST_SQL|Any CPU.Build.0 = TEST_SQL|Any CPU
	EndGlobalSection
	GlobalSection(SolutionProperties) = preSolution
		HideSolutionNode = FALSE
	EndGlobalSection
	GlobalSection(NestedProjects) = preSolution
		{F7F12DE8-F3C3-42A4-BBE4-1868D287D388} = {EDCECD8E-0A03-4B35-878C-567E148A83BD}
		{2891DE1E-12C1-45B7-9C6A-B4356104F6DA} = {EDCECD8E-0A03-4B35-878C-567E148A83BD}
		{D6951034-15BA-4526-AE6F-90F7F9A386B9} = {2891DE1E-12C1-45B7-9C6A-B4356104F6DA}
		{D43B1961-1C1A-4F9C-B25C-278C6547743A} = {2891DE1E-12C1-45B7-9C6A-B4356104F6DA}
		{B9F020C7-E6AF-4839-A5F6-2FA6EFBB9D95} = {EDCECD8E-0A03-4B35-878C-567E148A83BD}
		{082A75A9-D2AE-4BA6-84EF-606852B1B88A} = {AD505AC4-1EFE-4ABF-ACAC-1A8F40606F60}
		{E1320C08-8FC3-449D-8978-1D14D205DE03} = {AD505AC4-1EFE-4ABF-ACAC-1A8F40606F60}
		{647240F0-6F49-426C-A49F-BE7BA6DDBD81} = {B9F020C7-E6AF-4839-A5F6-2FA6EFBB9D95}
		{E67DAB1D-82C4-415C-AB45-812BFF3091A7} = {EDCECD8E-0A03-4B35-878C-567E148A83BD}
		{E0C08F20-EB2E-4FC5-8260-5BA8D0CAD7E7} = {AD505AC4-1EFE-4ABF-ACAC-1A8F40606F60}
		{51C58242-648E-4B17-A249-F2C844743A1B} = {EDCECD8E-0A03-4B35-878C-567E148A83BD}
	EndGlobalSection
	GlobalSection(ExtensibilityGlobals) = postSolution
		SolutionGuid = {131DA7AE-7C14-4656-82C0-6F592D155809}
	EndGlobalSection
EndGlobal
