
Microsoft Visual Studio Solution File, Format Version 12.00
# Visual Studio 15
VisualStudioVersion = 15.0.26730.16
MinimumVisualStudioVersion = 10.0.40219.1
Project("{FAE04EC0-301F-11D3-BF4B-00C04F79EFBC}") = "JQDT", "JQDT\JQDT.csproj", "{C82E4675-88AB-4B78-8475-F1521BDAE330}"
EndProject
Project("{2150E333-8FDC-42A3-9474-1A3956D46DE8}") = "Tests", "Tests", "{EDCECD8E-0A03-4B35-878C-567E148A83BD}"
EndProject
Project("{FAE04EC0-301F-11D3-BF4B-00C04F79EFBC}") = "TestData.Data", "Tests\TestData.Data\TestData.Data.csproj", "{F7F12DE8-F3C3-42A4-BBE4-1868D287D388}"
EndProject
Project("{2150E333-8FDC-42A3-9474-1A3956D46DE8}") = "IntegrationTests", "IntegrationTests", "{2891DE1E-12C1-45B7-9C6A-B4356104F6DA}"
EndProject
Project("{FAE04EC0-301F-11D3-BF4B-00C04F79EFBC}") = "Tests.Integration.Mvc", "tests\integrationtests\Tests.Integration.Mvc\Tests.Integration.Mvc.csproj", "{D6951034-15BA-4526-AE6F-90F7F9A386B9}"
EndProject
Project("{FAE04EC0-301F-11D3-BF4B-00C04F79EFBC}") = "Tests.SeleniumTests", "tests\IntegrationTests\Tests.SeleniumTests\Tests.SeleniumTests.csproj", "{D43B1961-1C1A-4F9C-B25C-278C6547743A}"
EndProject
Project("{2150E333-8FDC-42A3-9474-1A3956D46DE8}") = "UnitTests", "UnitTests", "{B9F020C7-E6AF-4839-A5F6-2FA6EFBB9D95}"
EndProject
Project("{FAE04EC0-301F-11D3-BF4B-00C04F79EFBC}") = "Tests.UnitTests", "Tests\UnitTests\Tests.UnitTests\Tests.UnitTests.csproj", "{647240F0-6F49-426C-A49F-BE7BA6DDBD81}"
EndProject
Project("{2150E333-8FDC-42A3-9474-1A3956D46DE8}") = "Examples", "Examples", "{AD505AC4-1EFE-4ABF-ACAC-1A8F40606F60}"
EndProject
Project("{FAE04EC0-301F-11D3-BF4B-00C04F79EFBC}") = "Examples.Data", "Examples\Examples.Data\Examples.Data.csproj", "{082A75A9-D2AE-4BA6-84EF-606852B1B88A}"
EndProject
Project("{FAE04EC0-301F-11D3-BF4B-00C04F79EFBC}") = "Examples.Mvc", "Examples\Examples.Mvc\Examples.Mvc.csproj", "{E1320C08-8FC3-449D-8978-1D14D205DE03}"
EndProject
Global
	GlobalSection(SolutionConfigurationPlatforms) = preSolution
		Debug|Any CPU = Debug|Any CPU
		Release|Any CPU = Release|Any CPU
	EndGlobalSection
	GlobalSection(ProjectConfigurationPlatforms) = postSolution
		{C82E4675-88AB-4B78-8475-F1521BDAE330}.Debug|Any CPU.ActiveCfg = Debug|Any CPU
		{C82E4675-88AB-4B78-8475-F1521BDAE330}.Debug|Any CPU.Build.0 = Debug|Any CPU
		{C82E4675-88AB-4B78-8475-F1521BDAE330}.Release|Any CPU.ActiveCfg = Release|Any CPU
		{C82E4675-88AB-4B78-8475-F1521BDAE330}.Release|Any CPU.Build.0 = Release|Any CPU
		{F7F12DE8-F3C3-42A4-BBE4-1868D287D388}.Debug|Any CPU.ActiveCfg = Debug|Any CPU
		{F7F12DE8-F3C3-42A4-BBE4-1868D287D388}.Debug|Any CPU.Build.0 = Debug|Any CPU
		{F7F12DE8-F3C3-42A4-BBE4-1868D287D388}.Release|Any CPU.ActiveCfg = Release|Any CPU
		{F7F12DE8-F3C3-42A4-BBE4-1868D287D388}.Release|Any CPU.Build.0 = Release|Any CPU
		{D6951034-15BA-4526-AE6F-90F7F9A386B9}.Debug|Any CPU.ActiveCfg = Debug|Any CPU
		{D6951034-15BA-4526-AE6F-90F7F9A386B9}.Debug|Any CPU.Build.0 = Debug|Any CPU
		{D6951034-15BA-4526-AE6F-90F7F9A386B9}.Release|Any CPU.ActiveCfg = Release|Any CPU
		{D6951034-15BA-4526-AE6F-90F7F9A386B9}.Release|Any CPU.Build.0 = Release|Any CPU
		{D43B1961-1C1A-4F9C-B25C-278C6547743A}.Debug|Any CPU.ActiveCfg = Debug|Any CPU
		{D43B1961-1C1A-4F9C-B25C-278C6547743A}.Debug|Any CPU.Build.0 = Debug|Any CPU
		{D43B1961-1C1A-4F9C-B25C-278C6547743A}.Release|Any CPU.ActiveCfg = Release|Any CPU
		{D43B1961-1C1A-4F9C-B25C-278C6547743A}.Release|Any CPU.Build.0 = Release|Any CPU
		{647240F0-6F49-426C-A49F-BE7BA6DDBD81}.Debug|Any CPU.ActiveCfg = Debug|Any CPU
		{647240F0-6F49-426C-A49F-BE7BA6DDBD81}.Debug|Any CPU.Build.0 = Debug|Any CPU
		{647240F0-6F49-426C-A49F-BE7BA6DDBD81}.Release|Any CPU.ActiveCfg = Release|Any CPU
		{647240F0-6F49-426C-A49F-BE7BA6DDBD81}.Release|Any CPU.Build.0 = Release|Any CPU
		{082A75A9-D2AE-4BA6-84EF-606852B1B88A}.Debug|Any CPU.ActiveCfg = Debug|Any CPU
		{082A75A9-D2AE-4BA6-84EF-606852B1B88A}.Debug|Any CPU.Build.0 = Debug|Any CPU
		{082A75A9-D2AE-4BA6-84EF-606852B1B88A}.Release|Any CPU.ActiveCfg = Release|Any CPU
		{082A75A9-D2AE-4BA6-84EF-606852B1B88A}.Release|Any CPU.Build.0 = Release|Any CPU
		{E1320C08-8FC3-449D-8978-1D14D205DE03}.Debug|Any CPU.ActiveCfg = Debug|Any CPU
		{E1320C08-8FC3-449D-8978-1D14D205DE03}.Debug|Any CPU.Build.0 = Debug|Any CPU
		{E1320C08-8FC3-449D-8978-1D14D205DE03}.Release|Any CPU.ActiveCfg = Release|Any CPU
		{E1320C08-8FC3-449D-8978-1D14D205DE03}.Release|Any CPU.Build.0 = Release|Any CPU
	EndGlobalSection
	GlobalSection(SolutionProperties) = preSolution
		HideSolutionNode = FALSE
	EndGlobalSection
	GlobalSection(NestedProjects) = preSolution
		{F7F12DE8-F3C3-42A4-BBE4-1868D287D388} = {EDCECD8E-0A03-4B35-878C-567E148A83BD}
		{2891DE1E-12C1-45B7-9C6A-B4356104F6DA} = {EDCECD8E-0A03-4B35-878C-567E148A83BD}
		{D6951034-15BA-4526-AE6F-90F7F9A386B9} = {2891DE1E-12C1-45B7-9C6A-B4356104F6DA}
		{D43B1961-1C1A-4F9C-B25C-278C6547743A} = {2891DE1E-12C1-45B7-9C6A-B4356104F6DA}
		{B9F020C7-E6AF-4839-A5F6-2FA6EFBB9D95} = {EDCECD8E-0A03-4B35-878C-567E148A83BD}
		{647240F0-6F49-426C-A49F-BE7BA6DDBD81} = {B9F020C7-E6AF-4839-A5F6-2FA6EFBB9D95}
		{082A75A9-D2AE-4BA6-84EF-606852B1B88A} = {AD505AC4-1EFE-4ABF-ACAC-1A8F40606F60}
		{E1320C08-8FC3-449D-8978-1D14D205DE03} = {AD505AC4-1EFE-4ABF-ACAC-1A8F40606F60}
	EndGlobalSection
	GlobalSection(ExtensibilityGlobals) = postSolution
		SolutionGuid = {131DA7AE-7C14-4656-82C0-6F592D155809}
	EndGlobalSection
EndGlobal
